
Microsoft Visual Studio Solution File, Format Version 12.00
# Visual Studio Express 2013 for Windows Desktop
VisualStudioVersion = 12.0.21005.1
MinimumVisualStudioVersion = 10.0.40219.1
Project("{FAE04EC0-301F-11D3-BF4B-00C04F79EFBC}") = "net40", "net40\net40.csproj", "{5F3BDF2F-65F0-4625-927E-2301AABD169B}"
EndProject
Project("{FAE04EC0-301F-11D3-BF4B-00C04F79EFBC}") = "net35", "net35\net35.csproj", "{30559449-72D5-4B64-8A18-7C90E70CD10F}"
EndProject
Project("{FAE04EC0-301F-11D3-BF4B-00C04F79EFBC}") = "net45", "net45\net45.csproj", "{24A2D6DD-8855-433D-84FE-643A1374187B}"
EndProject
Global
	GlobalSection(SolutionConfigurationPlatforms) = preSolution
		Debug|Any CPU = Debug|Any CPU
		Debug|Mixed Platforms = Debug|Mixed Platforms
		Debug|x86 = Debug|x86
		Release|Any CPU = Release|Any CPU
		Release|Mixed Platforms = Release|Mixed Platforms
		Release|x86 = Release|x86
	EndGlobalSection
	GlobalSection(ProjectConfigurationPlatforms) = postSolution
		{5F3BDF2F-65F0-4625-927E-2301AABD169B}.Debug|Any CPU.ActiveCfg = Debug|x86
		{5F3BDF2F-65F0-4625-927E-2301AABD169B}.Debug|Mixed Platforms.ActiveCfg = Debug|x86
		{5F3BDF2F-65F0-4625-927E-2301AABD169B}.Debug|Mixed Platforms.Build.0 = Debug|x86
		{5F3BDF2F-65F0-4625-927E-2301AABD169B}.Debug|x86.ActiveCfg = Debug|x86
		{5F3BDF2F-65F0-4625-927E-2301AABD169B}.Debug|x86.Build.0 = Debug|x86
		{5F3BDF2F-65F0-4625-927E-2301AABD169B}.Release|Any CPU.ActiveCfg = Release|x86
		{5F3BDF2F-65F0-4625-927E-2301AABD169B}.Release|Mixed Platforms.ActiveCfg = Release|x86
		{5F3BDF2F-65F0-4625-927E-2301AABD169B}.Release|Mixed Platforms.Build.0 = Release|x86
		{5F3BDF2F-65F0-4625-927E-2301AABD169B}.Release|x86.ActiveCfg = Release|x86
		{5F3BDF2F-65F0-4625-927E-2301AABD169B}.Release|x86.Build.0 = Release|x86
		{30559449-72D5-4B64-8A18-7C90E70CD10F}.Debug|Any CPU.ActiveCfg = Debug|x86
		{30559449-72D5-4B64-8A18-7C90E70CD10F}.Debug|Mixed Platforms.ActiveCfg = Debug|x86
		{30559449-72D5-4B64-8A18-7C90E70CD10F}.Debug|Mixed Platforms.Build.0 = Debug|x86
		{30559449-72D5-4B64-8A18-7C90E70CD10F}.Debug|x86.ActiveCfg = Debug|x86
		{30559449-72D5-4B64-8A18-7C90E70CD10F}.Debug|x86.Build.0 = Debug|x86
		{30559449-72D5-4B64-8A18-7C90E70CD10F}.Release|Any CPU.ActiveCfg = Release|x86
		{30559449-72D5-4B64-8A18-7C90E70CD10F}.Release|Mixed Platforms.ActiveCfg = Release|x86
		{30559449-72D5-4B64-8A18-7C90E70CD10F}.Release|Mixed Platforms.Build.0 = Release|x86
		{30559449-72D5-4B64-8A18-7C90E70CD10F}.Release|x86.ActiveCfg = Release|x86
		{30559449-72D5-4B64-8A18-7C90E70CD10F}.Release|x86.Build.0 = Release|x86
		{24A2D6DD-8855-433D-84FE-643A1374187B}.Debug|Any CPU.ActiveCfg = Debug|Any CPU
		{24A2D6DD-8855-433D-84FE-643A1374187B}.Debug|Any CPU.Build.0 = Debug|Any CPU
		{24A2D6DD-8855-433D-84FE-643A1374187B}.Debug|Mixed Platforms.ActiveCfg = Debug|Any CPU
		{24A2D6DD-8855-433D-84FE-643A1374187B}.Debug|Mixed Platforms.Build.0 = Debug|Any CPU
		{24A2D6DD-8855-433D-84FE-643A1374187B}.Debug|x86.ActiveCfg = Debug|Any CPU
		{24A2D6DD-8855-433D-84FE-643A1374187B}.Release|Any CPU.ActiveCfg = Release|Any CPU
		{24A2D6DD-8855-433D-84FE-643A1374187B}.Release|Any CPU.Build.0 = Release|Any CPU
		{24A2D6DD-8855-433D-84FE-643A1374187B}.Release|Mixed Platforms.ActiveCfg = Release|Any CPU
		{24A2D6DD-8855-433D-84FE-643A1374187B}.Release|Mixed Platforms.Build.0 = Release|Any CPU
		{24A2D6DD-8855-433D-84FE-643A1374187B}.Release|x86.ActiveCfg = Release|Any CPU
	EndGlobalSection
	GlobalSection(SolutionProperties) = preSolution
		HideSolutionNode = FALSE
	EndGlobalSection
EndGlobal
